{
  "pins" : [
    {
      "identity" : "ccmark-gfm",
      "kind" : "remoteSourceControl",
      "location" : "https://github.com/fang-ling/ccmark-gfm",
      "state" : {
        "branch" : "master",
        "revision" : "c8b0a8fdea7b7fea7aca49c51f8c1c354d14c313"
      }
    },
    {
      "identity" : "csqlite",
      "kind" : "remoteSourceControl",
      "location" : "https://github.com/fang-ling/csqlite",
      "state" : {
        "revision" : "7299e8eacd2bb2cc1d2c1ed489a9bab8ba181cc9",
        "version" : "0.0.2"
      }
    },
    {
      "identity" : "swift-argument-parser",
      "kind" : "remoteSourceControl",
      "location" : "https://github.com/apple/swift-argument-parser.git",
      "state" : {
        "revision" : "fee6933f37fde9a5e12a1e4aeaa93fe60116ff2a",
        "version" : "1.2.2"
      }
    }
  ],
  "version" : 2
}
